
Microsoft Visual Studio Solution File, Format Version 12.00
# Visual Studio Version 16
VisualStudioVersion = 16.0.30413.136
MinimumVisualStudioVersion = 10.0.40219.1
Project("{FAE04EC0-301F-11D3-BF4B-00C04F79EFBC}") = "Bullseye V3", "Bullseye V3\Bullseye V3.csproj", "{C8262440-D1C4-4DF7-9D02-48319E967D7F}"
EndProject
Global
	GlobalSection(SolutionConfigurationPlatforms) = preSolution
		Debug|Any CPU = Debug|Any CPU
		Release|Any CPU = Release|Any CPU
	EndGlobalSection
	GlobalSection(ProjectConfigurationPlatforms) = postSolution
		{C8262440-D1C4-4DF7-9D02-48319E967D7F}.Debug|Any CPU.ActiveCfg = Debug|Any CPU
		{C8262440-D1C4-4DF7-9D02-48319E967D7F}.Debug|Any CPU.Build.0 = Debug|Any CPU
		{C8262440-D1C4-4DF7-9D02-48319E967D7F}.Release|Any CPU.ActiveCfg = Release|Any CPU
		{C8262440-D1C4-4DF7-9D02-48319E967D7F}.Release|Any CPU.Build.0 = Release|Any CPU
	EndGlobalSection
	GlobalSection(SolutionProperties) = preSolution
		HideSolutionNode = FALSE
	EndGlobalSection
	GlobalSection(ExtensibilityGlobals) = postSolution
		SolutionGuid = {DE4C70D9-6E6F-489D-88DA-428EE8762930}
	EndGlobalSection
EndGlobal
